
Microsoft Visual Studio Solution File, Format Version 12.00
# Visual Studio Version 17
VisualStudioVersion = 17.14.36603.0
MinimumVisualStudioVersion = 10.0.40219.1
Project("{FAE04EC0-301F-11D3-BF4B-00C04F79EFBC}") = "TreasuryApi", "TreasuryApi\TreasuryApi.csproj", "{EF6587C4-6002-4924-ADED-F29C53FEFA08}"
EndProject
Project("{FAE04EC0-301F-11D3-BF4B-00C04F79EFBC}") = "Services", "Services\Services.csproj", "{DE62FBD2-62CE-4643-A361-BC9CEC3E4DFE}"
EndProject
Project("{FAE04EC0-301F-11D3-BF4B-00C04F79EFBC}") = "Providers", "Providers\Providers.csproj", "{E02C6FB9-8D55-488E-B32E-915063D3542C}"
EndProject
Project("{FAE04EC0-301F-11D3-BF4B-00C04F79EFBC}") = "Models", "Models\Models.csproj", "{D43632AC-4DE3-4983-A5DA-7ABFDB7A4F8A}"
EndProject
Project("{00D1A9C2-B5F0-4AF3-8072-F6C62B433612}") = "TreasuryDB", "TreasuryDB\TreasuryDB.sqlproj", "{543AE8E8-F1E6-4E49-BD9A-F626E166084C}"
EndProject
Project("{FAE04EC0-301F-11D3-BF4B-00C04F79EFBC}") = "Middleware", "Middleware\Middleware.csproj", "{7C32803C-D1EC-4B6E-B8A9-647AA7C4E2EE}"
EndProject
Global
	GlobalSection(SolutionConfigurationPlatforms) = preSolution
		Debug|Any CPU = Debug|Any CPU
		Release|Any CPU = Release|Any CPU
	EndGlobalSection
	GlobalSection(ProjectConfigurationPlatforms) = postSolution
		{EF6587C4-6002-4924-ADED-F29C53FEFA08}.Debug|Any CPU.ActiveCfg = Debug|Any CPU
		{EF6587C4-6002-4924-ADED-F29C53FEFA08}.Debug|Any CPU.Build.0 = Debug|Any CPU
		{EF6587C4-6002-4924-ADED-F29C53FEFA08}.Release|Any CPU.ActiveCfg = Release|Any CPU
		{EF6587C4-6002-4924-ADED-F29C53FEFA08}.Release|Any CPU.Build.0 = Release|Any CPU
		{DE62FBD2-62CE-4643-A361-BC9CEC3E4DFE}.Debug|Any CPU.ActiveCfg = Debug|Any CPU
		{DE62FBD2-62CE-4643-A361-BC9CEC3E4DFE}.Debug|Any CPU.Build.0 = Debug|Any CPU
		{DE62FBD2-62CE-4643-A361-BC9CEC3E4DFE}.Release|Any CPU.ActiveCfg = Release|Any CPU
		{DE62FBD2-62CE-4643-A361-BC9CEC3E4DFE}.Release|Any CPU.Build.0 = Release|Any CPU
		{E02C6FB9-8D55-488E-B32E-915063D3542C}.Debug|Any CPU.ActiveCfg = Debug|Any CPU
		{E02C6FB9-8D55-488E-B32E-915063D3542C}.Debug|Any CPU.Build.0 = Debug|Any CPU
		{E02C6FB9-8D55-488E-B32E-915063D3542C}.Release|Any CPU.ActiveCfg = Release|Any CPU
		{E02C6FB9-8D55-488E-B32E-915063D3542C}.Release|Any CPU.Build.0 = Release|Any CPU
		{D43632AC-4DE3-4983-A5DA-7ABFDB7A4F8A}.Debug|Any CPU.ActiveCfg = Debug|Any CPU
		{D43632AC-4DE3-4983-A5DA-7ABFDB7A4F8A}.Debug|Any CPU.Build.0 = Debug|Any CPU
		{D43632AC-4DE3-4983-A5DA-7ABFDB7A4F8A}.Release|Any CPU.ActiveCfg = Release|Any CPU
		{D43632AC-4DE3-4983-A5DA-7ABFDB7A4F8A}.Release|Any CPU.Build.0 = Release|Any CPU
		{543AE8E8-F1E6-4E49-BD9A-F626E166084C}.Debug|Any CPU.ActiveCfg = Debug|Any CPU
		{543AE8E8-F1E6-4E49-BD9A-F626E166084C}.Debug|Any CPU.Build.0 = Debug|Any CPU
		{543AE8E8-F1E6-4E49-BD9A-F626E166084C}.Debug|Any CPU.Deploy.0 = Debug|Any CPU
		{543AE8E8-F1E6-4E49-BD9A-F626E166084C}.Release|Any CPU.ActiveCfg = Release|Any CPU
		{543AE8E8-F1E6-4E49-BD9A-F626E166084C}.Release|Any CPU.Build.0 = Release|Any CPU
		{543AE8E8-F1E6-4E49-BD9A-F626E166084C}.Release|Any CPU.Deploy.0 = Release|Any CPU
		{7C32803C-D1EC-4B6E-B8A9-647AA7C4E2EE}.Debug|Any CPU.ActiveCfg = Debug|Any CPU
		{7C32803C-D1EC-4B6E-B8A9-647AA7C4E2EE}.Debug|Any CPU.Build.0 = Debug|Any CPU
		{7C32803C-D1EC-4B6E-B8A9-647AA7C4E2EE}.Release|Any CPU.ActiveCfg = Release|Any CPU
		{7C32803C-D1EC-4B6E-B8A9-647AA7C4E2EE}.Release|Any CPU.Build.0 = Release|Any CPU
	EndGlobalSection
	GlobalSection(SolutionProperties) = preSolution
		HideSolutionNode = FALSE
	EndGlobalSection
	GlobalSection(ExtensibilityGlobals) = postSolution
		SolutionGuid = {B774BF2C-937F-4A9A-8AD4-B78FCA71E8BC}
	EndGlobalSection
EndGlobal
