
Microsoft Visual Studio Solution File, Format Version 12.00
# Visual Studio Version 17
VisualStudioVersion = 17.14.36603.0 d17.14
MinimumVisualStudioVersion = 10.0.40219.1
Project("{FAE04EC0-301F-11D3-BF4B-00C04F79EFBC}") = "TreasuryApi", "TreasuryApi\TreasuryApi.csproj", "{EF6587C4-6002-4924-ADED-F29C53FEFA08}"
EndProject
Global
	GlobalSection(SolutionConfigurationPlatforms) = preSolution
		Debug|Any CPU = Debug|Any CPU
		Release|Any CPU = Release|Any CPU
	EndGlobalSection
	GlobalSection(ProjectConfigurationPlatforms) = postSolution
		{EF6587C4-6002-4924-ADED-F29C53FEFA08}.Debug|Any CPU.ActiveCfg = Debug|Any CPU
		{EF6587C4-6002-4924-ADED-F29C53FEFA08}.Debug|Any CPU.Build.0 = Debug|Any CPU
		{EF6587C4-6002-4924-ADED-F29C53FEFA08}.Release|Any CPU.ActiveCfg = Release|Any CPU
		{EF6587C4-6002-4924-ADED-F29C53FEFA08}.Release|Any CPU.Build.0 = Release|Any CPU
	EndGlobalSection
	GlobalSection(SolutionProperties) = preSolution
		HideSolutionNode = FALSE
	EndGlobalSection
	GlobalSection(ExtensibilityGlobals) = postSolution
		SolutionGuid = {B774BF2C-937F-4A9A-8AD4-B78FCA71E8BC}
	EndGlobalSection
EndGlobal
